// !$*UTF8*$!
{
	archiveVersion = 1;
	classes = {
	};
	objectVersion = 46;
	objects = {

/* Begin PBXBuildFile section */
		A80D5B151C572B6B004EE98C /* Session.swift in Sources */ = {isa = PBXBuildFile; fileRef = A80D5B141C572B6B004EE98C /* Session.swift */; };
		A80D5B171C585B6A004EE98C /* PhaseItem.swift in Sources */ = {isa = PBXBuildFile; fileRef = A80D5B161C585B6A004EE98C /* PhaseItem.swift */; };
		A80D5B1A1C5875F4004EE98C /* Score.swift in Sources */ = {isa = PBXBuildFile; fileRef = A80D5B191C5875F4004EE98C /* Score.swift */; };
		A80D5B1E1C618485004EE98C /* PhaseViewController.swift in Sources */ = {isa = PBXBuildFile; fileRef = A80D5B1D1C618485004EE98C /* PhaseViewController.swift */; };
		A814B8D11C66868300E20A35 /* PhaseTableViewCell.swift in Sources */ = {isa = PBXBuildFile; fileRef = A814B8D01C66868300E20A35 /* PhaseTableViewCell.swift */; };
		A8194A811CCA5C130089EC59 /* ColorExtensions.swift in Sources */ = {isa = PBXBuildFile; fileRef = A8194A801CCA5C120089EC59 /* ColorExtensions.swift */; };
		A820A6EC1CCF0C34005246CB /* Bolts.framework in Frameworks */ = {isa = PBXBuildFile; fileRef = A820A6EA1CCF0C34005246CB /* Bolts.framework */; };
		A820A6ED1CCF0C34005246CB /* Parse.framework in Frameworks */ = {isa = PBXBuildFile; fileRef = A820A6EB1CCF0C34005246CB /* Parse.framework */; };
		A82B16151C725D980095CE2B /* VerbalInstruction.swift in Sources */ = {isa = PBXBuildFile; fileRef = A82B16141C725D980095CE2B /* VerbalInstruction.swift */; };
		A82BF7B11CEAC1E500A1C3D1 /* TestViewController.swift in Sources */ = {isa = PBXBuildFile; fileRef = A82BF7B01CEAC1E500A1C3D1 /* TestViewController.swift */; };
		A82BF7B71CEAD83200A1C3D1 /* BlurView.swift in Sources */ = {isa = PBXBuildFile; fileRef = A82BF7B61CEAD83200A1C3D1 /* BlurView.swift */; };
		A82BF7B91CEB62F600A1C3D1 /* ConfirmScoreView.swift in Sources */ = {isa = PBXBuildFile; fileRef = A82BF7B81CEB62F600A1C3D1 /* ConfirmScoreView.swift */; };
		A83556921CCF0DF1008D0770 /* Parse.framework in Frameworks */ = {isa = PBXBuildFile; fileRef = A83556901CCF0DF1008D0770 /* Parse.framework */; };
		A84C3EBE1CE593C900CD212F /* Bolts.framework in Frameworks */ = {isa = PBXBuildFile; fileRef = A84C3EBC1CE593C900CD212F /* Bolts.framework */; };
		A84C3EBF1CE593C900CD212F /* Parse.framework in Frameworks */ = {isa = PBXBuildFile; fileRef = A84C3EBD1CE593C900CD212F /* Parse.framework */; };
		A84C3EC21CE5941400CD212F /* Bolts.framework in Frameworks */ = {isa = PBXBuildFile; fileRef = A84C3EC01CE5941400CD212F /* Bolts.framework */; };
		A84C3EC31CE5941400CD212F /* Parse.framework in Frameworks */ = {isa = PBXBuildFile; fileRef = A84C3EC11CE5941400CD212F /* Parse.framework */; };
		A84C3EC51CE5944000CD212F /* Bolts.framework in Frameworks */ = {isa = PBXBuildFile; fileRef = A84C3EC41CE5944000CD212F /* Bolts.framework */; };
		A84C59381C7A5ED700D02C11 /* NewEvalSessionId.swift in Sources */ = {isa = PBXBuildFile; fileRef = A84C59371C7A5ED700D02C11 /* NewEvalSessionId.swift */; };
		A85F40E61C8219DC0093F7C5 /* Main.storyboard in Resources */ = {isa = PBXBuildFile; fileRef = A85F40E51C8219DC0093F7C5 /* Main.storyboard */; };
		A85F40E81C828F420093F7C5 /* Database.swift in Sources */ = {isa = PBXBuildFile; fileRef = A85F40E71C828F420093F7C5 /* Database.swift */; };
		A86F697C1C49400F00C402AB /* SessionInputViewController.swift in Sources */ = {isa = PBXBuildFile; fileRef = A86F697B1C49400F00C402AB /* SessionInputViewController.swift */; };
		A86F697E1C4AF25400C402AB /* SubphaseViewController.swift in Sources */ = {isa = PBXBuildFile; fileRef = A86F697D1C4AF25400C402AB /* SubphaseViewController.swift */; };
		A86F69801C4DAA0000C402AB /* SubPhaseCollectionViewCell.swift in Sources */ = {isa = PBXBuildFile; fileRef = A86F697F1C4DAA0000C402AB /* SubPhaseCollectionViewCell.swift */; };
		A86F69821C4DADD400C402AB /* Subphase.swift in Sources */ = {isa = PBXBuildFile; fileRef = A86F69811C4DADD400C402AB /* Subphase.swift */; };
		A886CEAC1CE6037C00C2B761 /* LagginAndScoresViewController.swift in Sources */ = {isa = PBXBuildFile; fileRef = A886CEAB1CE6037C00C2B761 /* LagginAndScoresViewController.swift */; };
		A8873D9A1CE62D5B006FD8DD /* PhaseStruct.swift in Sources */ = {isa = PBXBuildFile; fileRef = A8873D991CE62D5B006FD8DD /* PhaseStruct.swift */; };
		A8873D9C1CE63D3C006FD8DD /* Utility.swift in Sources */ = {isa = PBXBuildFile; fileRef = A8873D9B1CE63D3C006FD8DD /* Utility.swift */; };
		A889D0A11C41EC78005DB665 /* AudioToolbox.framework in Frameworks */ = {isa = PBXBuildFile; fileRef = A889D0961C41EC78005DB665 /* AudioToolbox.framework */; };
		A889D0A21C41EC78005DB665 /* CFNetwork.framework in Frameworks */ = {isa = PBXBuildFile; fileRef = A889D0971C41EC78005DB665 /* CFNetwork.framework */; };
		A889D0A31C41EC78005DB665 /* CoreGraphics.framework in Frameworks */ = {isa = PBXBuildFile; fileRef = A889D0981C41EC78005DB665 /* CoreGraphics.framework */; };
		A889D0A41C41EC78005DB665 /* CoreLocation.framework in Frameworks */ = {isa = PBXBuildFile; fileRef = A889D0991C41EC78005DB665 /* CoreLocation.framework */; };
		A889D0A51C41EC78005DB665 /* libsqlite3.tbd in Frameworks */ = {isa = PBXBuildFile; fileRef = A889D09A1C41EC78005DB665 /* libsqlite3.tbd */; };
		A889D0A61C41EC78005DB665 /* libz.tbd in Frameworks */ = {isa = PBXBuildFile; fileRef = A889D09B1C41EC78005DB665 /* libz.tbd */; };
		A889D0A71C41EC78005DB665 /* MobileCoreServices.framework in Frameworks */ = {isa = PBXBuildFile; fileRef = A889D09C1C41EC78005DB665 /* MobileCoreServices.framework */; };
		A889D0A81C41EC78005DB665 /* QuartzCore.framework in Frameworks */ = {isa = PBXBuildFile; fileRef = A889D09D1C41EC78005DB665 /* QuartzCore.framework */; };
		A889D0A91C41EC78005DB665 /* Security.framework in Frameworks */ = {isa = PBXBuildFile; fileRef = A889D09E1C41EC78005DB665 /* Security.framework */; };
		A889D0AA1C41EC78005DB665 /* StoreKit.framework in Frameworks */ = {isa = PBXBuildFile; fileRef = A889D09F1C41EC78005DB665 /* StoreKit.framework */; };
		A889D0AB1C41EC78005DB665 /* SystemConfiguration.framework in Frameworks */ = {isa = PBXBuildFile; fileRef = A889D0A01C41EC78005DB665 /* SystemConfiguration.framework */; };
		A899521B1C3C976E0023373D /* AppDelegate.swift in Sources */ = {isa = PBXBuildFile; fileRef = A899521A1C3C976E0023373D /* AppDelegate.swift */; };
		A89952221C3C976E0023373D /* Assets.xcassets in Resources */ = {isa = PBXBuildFile; fileRef = A89952211C3C976E0023373D /* Assets.xcassets */; };
		A89952251C3C976E0023373D /* LaunchScreen.storyboard in Resources */ = {isa = PBXBuildFile; fileRef = A89952231C3C976E0023373D /* LaunchScreen.storyboard */; };
		A89952301C3C976E0023373D /* NRSTests.swift in Sources */ = {isa = PBXBuildFile; fileRef = A899522F1C3C976E0023373D /* NRSTests.swift */; };
		A899523B1C3C976E0023373D /* NRSUITests.swift in Sources */ = {isa = PBXBuildFile; fileRef = A899523A1C3C976E0023373D /* NRSUITests.swift */; };
		A899524B1C3CADAB0023373D /* NewEvalSelectSessionViewController.swift in Sources */ = {isa = PBXBuildFile; fileRef = A899524A1C3CADAB0023373D /* NewEvalSelectSessionViewController.swift */; };
		A89EF5F41C6997A30098CDBB /* SubPhaseDetailViewController.swift in Sources */ = {isa = PBXBuildFile; fileRef = A89EF5F31C6997A30098CDBB /* SubPhaseDetailViewController.swift */; };
		A8A194D71CB53FD300859970 /* Bolts.framework in Frameworks */ = {isa = PBXBuildFile; fileRef = A8A194D51CB53FD300859970 /* Bolts.framework */; };
		A8A194D81CB53FD300859970 /* Parse.framework in Frameworks */ = {isa = PBXBuildFile; fileRef = A8A194D61CB53FD300859970 /* Parse.framework */; };
		A8A194DA1CB5CCF700859970 /* GradientView.swift in Sources */ = {isa = PBXBuildFile; fileRef = A8A194D91CB5CCF700859970 /* GradientView.swift */; };
		A8A5E62B1C3FF653002D7A10 /* Version.swift in Sources */ = {isa = PBXBuildFile; fileRef = A8A5E62A1C3FF653002D7A10 /* Version.swift */; };
		A8AA09961CED4752006DA16A /* InstructionalVideoViewController.swift in Sources */ = {isa = PBXBuildFile; fileRef = A8AA09951CED4752006DA16A /* InstructionalVideoViewController.swift */; };
		A8CC55661CD853AC00A735A9 /* CalculateScore.swift in Sources */ = {isa = PBXBuildFile; fileRef = A8CC55651CD853AC00A735A9 /* CalculateScore.swift */; };
		A8CEEE241CB1653D00C0C939 /* CAGradientExtension.swift in Sources */ = {isa = PBXBuildFile; fileRef = A8CEEE231CB1653D00C0C939 /* CAGradientExtension.swift */; };
		A8CEEE271CB33FC100C0C939 /* Avenir Next.ttc in Resources */ = {isa = PBXBuildFile; fileRef = A8CEEE261CB33FC100C0C939 /* Avenir Next.ttc */; };
		A8D392881C3CCCC1000B4125 /* NewEvalViewController.swift in Sources */ = {isa = PBXBuildFile; fileRef = A8D392871C3CCCC1000B4125 /* NewEvalViewController.swift */; };
		A8DC3F5D1C86940B009B3774 /* ConfirmViewController.swift in Sources */ = {isa = PBXBuildFile; fileRef = A8DC3F5C1C86940B009B3774 /* ConfirmViewController.swift */; };
		A8DC3F5F1C86AB4B009B3774 /* InstructionManualViewController.swift in Sources */ = {isa = PBXBuildFile; fileRef = A8DC3F5E1C86AB4B009B3774 /* InstructionManualViewController.swift */; };
		A8DC3F611C86AEF5009B3774 /* MessageUI.framework in Frameworks */ = {isa = PBXBuildFile; fileRef = A8DC3F601C86AEF5009B3774 /* MessageUI.framework */; };
/* End PBXBuildFile section */

/* Begin PBXContainerItemProxy section */
		A899522C1C3C976E0023373D /* PBXContainerItemProxy */ = {
			isa = PBXContainerItemProxy;
			containerPortal = A899520F1C3C976E0023373D /* Project object */;
			proxyType = 1;
			remoteGlobalIDString = A89952161C3C976E0023373D;
			remoteInfo = NRS;
		};
		A89952371C3C976E0023373D /* PBXContainerItemProxy */ = {
			isa = PBXContainerItemProxy;
			containerPortal = A899520F1C3C976E0023373D /* Project object */;
			proxyType = 1;
			remoteGlobalIDString = A89952161C3C976E0023373D;
			remoteInfo = NRS;
		};
/* End PBXContainerItemProxy section */

/* Begin PBXFileReference section */
		A80D5B141C572B6B004EE98C /* Session.swift */ = {isa = PBXFileReference; fileEncoding = 4; lastKnownFileType = sourcecode.swift; path = Session.swift; sourceTree = "<group>"; };
		A80D5B161C585B6A004EE98C /* PhaseItem.swift */ = {isa = PBXFileReference; fileEncoding = 4; lastKnownFileType = sourcecode.swift; path = PhaseItem.swift; sourceTree = "<group>"; };
		A80D5B191C5875F4004EE98C /* Score.swift */ = {isa = PBXFileReference; fileEncoding = 4; lastKnownFileType = sourcecode.swift; path = Score.swift; sourceTree = "<group>"; };
		A80D5B1D1C618485004EE98C /* PhaseViewController.swift */ = {isa = PBXFileReference; fileEncoding = 4; lastKnownFileType = sourcecode.swift; name = PhaseViewController.swift; path = ../PhaseViewController.swift; sourceTree = "<group>"; };
		A814B8D01C66868300E20A35 /* PhaseTableViewCell.swift */ = {isa = PBXFileReference; fileEncoding = 4; lastKnownFileType = sourcecode.swift; path = PhaseTableViewCell.swift; sourceTree = "<group>"; };
		A8194A801CCA5C120089EC59 /* ColorExtensions.swift */ = {isa = PBXFileReference; fileEncoding = 4; lastKnownFileType = sourcecode.swift; path = ColorExtensions.swift; sourceTree = "<group>"; };
		A820A6EA1CCF0C34005246CB /* Bolts.framework */ = {isa = PBXFileReference; lastKnownFileType = wrapper.framework; path = Bolts.framework; sourceTree = "<group>"; };
		A820A6EB1CCF0C34005246CB /* Parse.framework */ = {isa = PBXFileReference; lastKnownFileType = wrapper.framework; path = Parse.framework; sourceTree = "<group>"; };
		A82B16141C725D980095CE2B /* VerbalInstruction.swift */ = {isa = PBXFileReference; fileEncoding = 4; lastKnownFileType = sourcecode.swift; path = VerbalInstruction.swift; sourceTree = "<group>"; };
		A82BF7B01CEAC1E500A1C3D1 /* TestViewController.swift */ = {isa = PBXFileReference; fileEncoding = 4; lastKnownFileType = sourcecode.swift; path = TestViewController.swift; sourceTree = "<group>"; };
		A82BF7B61CEAD83200A1C3D1 /* BlurView.swift */ = {isa = PBXFileReference; fileEncoding = 4; lastKnownFileType = sourcecode.swift; path = BlurView.swift; sourceTree = "<group>"; };
		A82BF7B81CEB62F600A1C3D1 /* ConfirmScoreView.swift */ = {isa = PBXFileReference; fileEncoding = 4; lastKnownFileType = sourcecode.swift; path = ConfirmScoreView.swift; sourceTree = "<group>"; };
		A83556901CCF0DF1008D0770 /* Parse.framework */ = {isa = PBXFileReference; lastKnownFileType = wrapper.framework; path = Parse.framework; sourceTree = "<group>"; };
		A84C3EBC1CE593C900CD212F /* Bolts.framework */ = {isa = PBXFileReference; lastKnownFileType = wrapper.framework; path = Bolts.framework; sourceTree = "<group>"; };
		A84C3EBD1CE593C900CD212F /* Parse.framework */ = {isa = PBXFileReference; lastKnownFileType = wrapper.framework; path = Parse.framework; sourceTree = "<group>"; };
		A84C3EC01CE5941400CD212F /* Bolts.framework */ = {isa = PBXFileReference; lastKnownFileType = wrapper.framework; path = Bolts.framework; sourceTree = "<group>"; };
		A84C3EC11CE5941400CD212F /* Parse.framework */ = {isa = PBXFileReference; lastKnownFileType = wrapper.framework; path = Parse.framework; sourceTree = "<group>"; };
		A84C3EC41CE5944000CD212F /* Bolts.framework */ = {isa = PBXFileReference; lastKnownFileType = wrapper.framework; path = Bolts.framework; sourceTree = "<group>"; };
		A84C59371C7A5ED700D02C11 /* NewEvalSessionId.swift */ = {isa = PBXFileReference; fileEncoding = 4; lastKnownFileType = sourcecode.swift; path = NewEvalSessionId.swift; sourceTree = "<group>"; };
		A85F40E51C8219DC0093F7C5 /* Main.storyboard */ = {isa = PBXFileReference; fileEncoding = 4; lastKnownFileType = file.storyboard; path = Main.storyboard; sourceTree = "<group>"; };
		A85F40E71C828F420093F7C5 /* Database.swift */ = {isa = PBXFileReference; fileEncoding = 4; lastKnownFileType = sourcecode.swift; path = Database.swift; sourceTree = "<group>"; };
		A86F697B1C49400F00C402AB /* SessionInputViewController.swift */ = {isa = PBXFileReference; fileEncoding = 4; lastKnownFileType = sourcecode.swift; path = SessionInputViewController.swift; sourceTree = "<group>"; };
		A86F697D1C4AF25400C402AB /* SubphaseViewController.swift */ = {isa = PBXFileReference; fileEncoding = 4; lastKnownFileType = sourcecode.swift; path = SubphaseViewController.swift; sourceTree = "<group>"; };
		A86F697F1C4DAA0000C402AB /* SubPhaseCollectionViewCell.swift */ = {isa = PBXFileReference; fileEncoding = 4; lastKnownFileType = sourcecode.swift; path = SubPhaseCollectionViewCell.swift; sourceTree = "<group>"; };
		A86F69811C4DADD400C402AB /* Subphase.swift */ = {isa = PBXFileReference; fileEncoding = 4; lastKnownFileType = sourcecode.swift; path = Subphase.swift; sourceTree = "<group>"; };
		A886CEAB1CE6037C00C2B761 /* LagginAndScoresViewController.swift */ = {isa = PBXFileReference; fileEncoding = 4; lastKnownFileType = sourcecode.swift; path = LagginAndScoresViewController.swift; sourceTree = "<group>"; };
		A8873D991CE62D5B006FD8DD /* PhaseStruct.swift */ = {isa = PBXFileReference; fileEncoding = 4; lastKnownFileType = sourcecode.swift; path = PhaseStruct.swift; sourceTree = "<group>"; };
		A8873D9B1CE63D3C006FD8DD /* Utility.swift */ = {isa = PBXFileReference; fileEncoding = 4; lastKnownFileType = sourcecode.swift; path = Utility.swift; sourceTree = "<group>"; };
		A889D0961C41EC78005DB665 /* AudioToolbox.framework */ = {isa = PBXFileReference; lastKnownFileType = wrapper.framework; name = AudioToolbox.framework; path = System/Library/Frameworks/AudioToolbox.framework; sourceTree = SDKROOT; };
		A889D0971C41EC78005DB665 /* CFNetwork.framework */ = {isa = PBXFileReference; lastKnownFileType = wrapper.framework; name = CFNetwork.framework; path = System/Library/Frameworks/CFNetwork.framework; sourceTree = SDKROOT; };
		A889D0981C41EC78005DB665 /* CoreGraphics.framework */ = {isa = PBXFileReference; lastKnownFileType = wrapper.framework; name = CoreGraphics.framework; path = System/Library/Frameworks/CoreGraphics.framework; sourceTree = SDKROOT; };
		A889D0991C41EC78005DB665 /* CoreLocation.framework */ = {isa = PBXFileReference; lastKnownFileType = wrapper.framework; name = CoreLocation.framework; path = System/Library/Frameworks/CoreLocation.framework; sourceTree = SDKROOT; };
		A889D09A1C41EC78005DB665 /* libsqlite3.tbd */ = {isa = PBXFileReference; lastKnownFileType = "sourcecode.text-based-dylib-definition"; name = libsqlite3.tbd; path = usr/lib/libsqlite3.tbd; sourceTree = SDKROOT; };
		A889D09B1C41EC78005DB665 /* libz.tbd */ = {isa = PBXFileReference; lastKnownFileType = "sourcecode.text-based-dylib-definition"; name = libz.tbd; path = usr/lib/libz.tbd; sourceTree = SDKROOT; };
		A889D09C1C41EC78005DB665 /* MobileCoreServices.framework */ = {isa = PBXFileReference; lastKnownFileType = wrapper.framework; name = MobileCoreServices.framework; path = System/Library/Frameworks/MobileCoreServices.framework; sourceTree = SDKROOT; };
		A889D09D1C41EC78005DB665 /* QuartzCore.framework */ = {isa = PBXFileReference; lastKnownFileType = wrapper.framework; name = QuartzCore.framework; path = System/Library/Frameworks/QuartzCore.framework; sourceTree = SDKROOT; };
		A889D09E1C41EC78005DB665 /* Security.framework */ = {isa = PBXFileReference; lastKnownFileType = wrapper.framework; name = Security.framework; path = System/Library/Frameworks/Security.framework; sourceTree = SDKROOT; };
		A889D09F1C41EC78005DB665 /* StoreKit.framework */ = {isa = PBXFileReference; lastKnownFileType = wrapper.framework; name = StoreKit.framework; path = System/Library/Frameworks/StoreKit.framework; sourceTree = SDKROOT; };
		A889D0A01C41EC78005DB665 /* SystemConfiguration.framework */ = {isa = PBXFileReference; lastKnownFileType = wrapper.framework; name = SystemConfiguration.framework; path = System/Library/Frameworks/SystemConfiguration.framework; sourceTree = SDKROOT; };
		A889D0AC1C41ECEF005DB665 /* NRS-Bridging-Header.h */ = {isa = PBXFileReference; lastKnownFileType = sourcecode.c.h; path = "NRS-Bridging-Header.h"; sourceTree = "<group>"; };
		A89952171C3C976E0023373D /* NRS.app */ = {isa = PBXFileReference; explicitFileType = wrapper.application; includeInIndex = 0; path = NRS.app; sourceTree = BUILT_PRODUCTS_DIR; };
		A899521A1C3C976E0023373D /* AppDelegate.swift */ = {isa = PBXFileReference; lastKnownFileType = sourcecode.swift; path = AppDelegate.swift; sourceTree = "<group>"; };
		A89952211C3C976E0023373D /* Assets.xcassets */ = {isa = PBXFileReference; lastKnownFileType = folder.assetcatalog; path = Assets.xcassets; sourceTree = "<group>"; };
		A89952241C3C976E0023373D /* Base */ = {isa = PBXFileReference; lastKnownFileType = file.storyboard; name = Base; path = Base.lproj/LaunchScreen.storyboard; sourceTree = "<group>"; };
		A89952261C3C976E0023373D /* Info.plist */ = {isa = PBXFileReference; lastKnownFileType = text.plist.xml; path = Info.plist; sourceTree = "<group>"; };
		A899522B1C3C976E0023373D /* NRSTests.xctest */ = {isa = PBXFileReference; explicitFileType = wrapper.cfbundle; includeInIndex = 0; path = NRSTests.xctest; sourceTree = BUILT_PRODUCTS_DIR; };
		A899522F1C3C976E0023373D /* NRSTests.swift */ = {isa = PBXFileReference; lastKnownFileType = sourcecode.swift; path = NRSTests.swift; sourceTree = "<group>"; };
		A89952311C3C976E0023373D /* Info.plist */ = {isa = PBXFileReference; lastKnownFileType = text.plist.xml; path = Info.plist; sourceTree = "<group>"; };
		A89952361C3C976E0023373D /* NRSUITests.xctest */ = {isa = PBXFileReference; explicitFileType = wrapper.cfbundle; includeInIndex = 0; path = NRSUITests.xctest; sourceTree = BUILT_PRODUCTS_DIR; };
		A899523A1C3C976E0023373D /* NRSUITests.swift */ = {isa = PBXFileReference; lastKnownFileType = sourcecode.swift; path = NRSUITests.swift; sourceTree = "<group>"; };
		A899523C1C3C976E0023373D /* Info.plist */ = {isa = PBXFileReference; lastKnownFileType = text.plist.xml; path = Info.plist; sourceTree = "<group>"; };
		A899524A1C3CADAB0023373D /* NewEvalSelectSessionViewController.swift */ = {isa = PBXFileReference; fileEncoding = 4; lastKnownFileType = sourcecode.swift; path = NewEvalSelectSessionViewController.swift; sourceTree = "<group>"; };
		A89EF5F31C6997A30098CDBB /* SubPhaseDetailViewController.swift */ = {isa = PBXFileReference; fileEncoding = 4; lastKnownFileType = sourcecode.swift; path = SubPhaseDetailViewController.swift; sourceTree = "<group>"; };
		A8A194D51CB53FD300859970 /* Bolts.framework */ = {isa = PBXFileReference; lastKnownFileType = wrapper.framework; path = Bolts.framework; sourceTree = "<group>"; };
		A8A194D61CB53FD300859970 /* Parse.framework */ = {isa = PBXFileReference; lastKnownFileType = wrapper.framework; path = Parse.framework; sourceTree = "<group>"; };
		A8A194D91CB5CCF700859970 /* GradientView.swift */ = {isa = PBXFileReference; fileEncoding = 4; lastKnownFileType = sourcecode.swift; path = GradientView.swift; sourceTree = "<group>"; };
		A8A5E62A1C3FF653002D7A10 /* Version.swift */ = {isa = PBXFileReference; fileEncoding = 4; lastKnownFileType = sourcecode.swift; path = Version.swift; sourceTree = "<group>"; };
		A8AA09951CED4752006DA16A /* InstructionalVideoViewController.swift */ = {isa = PBXFileReference; fileEncoding = 4; lastKnownFileType = sourcecode.swift; path = InstructionalVideoViewController.swift; sourceTree = "<group>"; };
		A8CC55651CD853AC00A735A9 /* CalculateScore.swift */ = {isa = PBXFileReference; fileEncoding = 4; lastKnownFileType = sourcecode.swift; path = CalculateScore.swift; sourceTree = "<group>"; };
		A8CEEE231CB1653D00C0C939 /* CAGradientExtension.swift */ = {isa = PBXFileReference; fileEncoding = 4; lastKnownFileType = sourcecode.swift; name = CAGradientExtension.swift; path = ../CAGradientExtension.swift; sourceTree = "<group>"; };
		A8CEEE261CB33FC100C0C939 /* Avenir Next.ttc */ = {isa = PBXFileReference; lastKnownFileType = file; name = "Avenir Next.ttc"; path = "/System/Library/Fonts/Avenir Next.ttc"; sourceTree = "<absolute>"; };
		A8D392871C3CCCC1000B4125 /* NewEvalViewController.swift */ = {isa = PBXFileReference; fileEncoding = 4; lastKnownFileType = sourcecode.swift; path = NewEvalViewController.swift; sourceTree = "<group>"; };
		A8DC3F5C1C86940B009B3774 /* ConfirmViewController.swift */ = {isa = PBXFileReference; fileEncoding = 4; lastKnownFileType = sourcecode.swift; path = ConfirmViewController.swift; sourceTree = "<group>"; };
		A8DC3F5E1C86AB4B009B3774 /* InstructionManualViewController.swift */ = {isa = PBXFileReference; fileEncoding = 4; lastKnownFileType = sourcecode.swift; path = InstructionManualViewController.swift; sourceTree = "<group>"; };
		A8DC3F601C86AEF5009B3774 /* MessageUI.framework */ = {isa = PBXFileReference; lastKnownFileType = wrapper.framework; name = MessageUI.framework; path = System/Library/Frameworks/MessageUI.framework; sourceTree = SDKROOT; };
/* End PBXFileReference section */

/* Begin PBXFrameworksBuildPhase section */
		A89952141C3C976E0023373D /* Frameworks */ = {
			isa = PBXFrameworksBuildPhase;
			buildActionMask = 2147483647;
			files = (
				A820A6EC1CCF0C34005246CB /* Bolts.framework in Frameworks */,
				A84C3EBE1CE593C900CD212F /* Bolts.framework in Frameworks */,
				A8A194D71CB53FD300859970 /* Bolts.framework in Frameworks */,
				A8DC3F611C86AEF5009B3774 /* MessageUI.framework in Frameworks */,
				A889D0A11C41EC78005DB665 /* AudioToolbox.framework in Frameworks */,
				A889D0A21C41EC78005DB665 /* CFNetwork.framework in Frameworks */,
				A84C3EC31CE5941400CD212F /* Parse.framework in Frameworks */,
				A84C3EC21CE5941400CD212F /* Bolts.framework in Frameworks */,
				A889D0A31C41EC78005DB665 /* CoreGraphics.framework in Frameworks */,
				A820A6ED1CCF0C34005246CB /* Parse.framework in Frameworks */,
				A889D0A41C41EC78005DB665 /* CoreLocation.framework in Frameworks */,
				A8A194D81CB53FD300859970 /* Parse.framework in Frameworks */,
				A889D0A51C41EC78005DB665 /* libsqlite3.tbd in Frameworks */,
				A83556921CCF0DF1008D0770 /* Parse.framework in Frameworks */,
				A889D0A61C41EC78005DB665 /* libz.tbd in Frameworks */,
				A889D0A71C41EC78005DB665 /* MobileCoreServices.framework in Frameworks */,
				A84C3EBF1CE593C900CD212F /* Parse.framework in Frameworks */,
				A889D0A81C41EC78005DB665 /* QuartzCore.framework in Frameworks */,
				A889D0A91C41EC78005DB665 /* Security.framework in Frameworks */,
				A84C3EC51CE5944000CD212F /* Bolts.framework in Frameworks */,
				A889D0AA1C41EC78005DB665 /* StoreKit.framework in Frameworks */,
				A889D0AB1C41EC78005DB665 /* SystemConfiguration.framework in Frameworks */,
			);
			runOnlyForDeploymentPostprocessing = 0;
		};
		A89952281C3C976E0023373D /* Frameworks */ = {
			isa = PBXFrameworksBuildPhase;
			buildActionMask = 2147483647;
			files = (
			);
			runOnlyForDeploymentPostprocessing = 0;
		};
		A89952331C3C976E0023373D /* Frameworks */ = {
			isa = PBXFrameworksBuildPhase;
			buildActionMask = 2147483647;
			files = (
			);
			runOnlyForDeploymentPostprocessing = 0;
		};
/* End PBXFrameworksBuildPhase section */

/* Begin PBXGroup section */
		A80D5B131C572A68004EE98C /* Session */ = {
			isa = PBXGroup;
			children = (
				A814B8D01C66868300E20A35 /* PhaseTableViewCell.swift */,
				A80D5B1D1C618485004EE98C /* PhaseViewController.swift */,
				A86F697B1C49400F00C402AB /* SessionInputViewController.swift */,
			);
			name = Session;
			sourceTree = "<group>";
		};
		A80D5B181C58645E004EE98C /* Models */ = {
			isa = PBXGroup;
			children = (
				A84C59371C7A5ED700D02C11 /* NewEvalSessionId.swift */,
				A8873D991CE62D5B006FD8DD /* PhaseStruct.swift */,
				A8A5E62A1C3FF653002D7A10 /* Version.swift */,
				A80D5B141C572B6B004EE98C /* Session.swift */,
				A86F69811C4DADD400C402AB /* Subphase.swift */,
				A80D5B161C585B6A004EE98C /* PhaseItem.swift */,
				A80D5B191C5875F4004EE98C /* Score.swift */,
				A82B16141C725D980095CE2B /* VerbalInstruction.swift */,
				A85F40E71C828F420093F7C5 /* Database.swift */,
			);
			name = Models;
			sourceTree = "<group>";
		};
		A86F69831C4DB04F00C402AB /* Subphase */ = {
			isa = PBXGroup;
			children = (
				A86F697F1C4DAA0000C402AB /* SubPhaseCollectionViewCell.swift */,
				A86F697D1C4AF25400C402AB /* SubphaseViewController.swift */,
				A89EF5F31C6997A30098CDBB /* SubPhaseDetailViewController.swift */,
				A8DC3F5C1C86940B009B3774 /* ConfirmViewController.swift */,
			);
			name = Subphase;
			sourceTree = "<group>";
		};
		A889D0911C41EBF2005DB665 /* Parse */ = {
			isa = PBXGroup;
			children = (
				A8A194D51CB53FD300859970 /* Bolts.framework */,
				A8A194D61CB53FD300859970 /* Parse.framework */,
				A889D0961C41EC78005DB665 /* AudioToolbox.framework */,
				A889D0971C41EC78005DB665 /* CFNetwork.framework */,
				A889D0981C41EC78005DB665 /* CoreGraphics.framework */,
				A889D0991C41EC78005DB665 /* CoreLocation.framework */,
				A889D09A1C41EC78005DB665 /* libsqlite3.tbd */,
				A889D09B1C41EC78005DB665 /* libz.tbd */,
				A889D09C1C41EC78005DB665 /* MobileCoreServices.framework */,
				A889D09D1C41EC78005DB665 /* QuartzCore.framework */,
				A889D09E1C41EC78005DB665 /* Security.framework */,
				A889D09F1C41EC78005DB665 /* StoreKit.framework */,
				A889D0A01C41EC78005DB665 /* SystemConfiguration.framework */,
			);
			name = Parse;
			sourceTree = "<group>";
		};
		A899520E1C3C976E0023373D = {
			isa = PBXGroup;
			children = (
				A84C3EC41CE5944000CD212F /* Bolts.framework */,
				A84C3EBC1CE593C900CD212F /* Bolts.framework */,
				A84C3EBD1CE593C900CD212F /* Parse.framework */,
				A83556901CCF0DF1008D0770 /* Parse.framework */,
				A8DC3F601C86AEF5009B3774 /* MessageUI.framework */,
				A89952191C3C976E0023373D /* NRS */,
				A899522E1C3C976E0023373D /* NRSTests */,
				A89952391C3C976E0023373D /* NRSUITests */,
				A89952181C3C976E0023373D /* Products */,
			);
			sourceTree = "<group>";
		};
		A89952181C3C976E0023373D /* Products */ = {
			isa = PBXGroup;
			children = (
				A89952171C3C976E0023373D /* NRS.app */,
				A899522B1C3C976E0023373D /* NRSTests.xctest */,
				A89952361C3C976E0023373D /* NRSUITests.xctest */,
			);
			name = Products;
			sourceTree = "<group>";
		};
		A89952191C3C976E0023373D /* NRS */ = {
			isa = PBXGroup;
			children = (
				A82BF7B61CEAD83200A1C3D1 /* BlurView.swift */,
				A84C3EC01CE5941400CD212F /* Bolts.framework */,
				A84C3EC11CE5941400CD212F /* Parse.framework */,
				A820A6EA1CCF0C34005246CB /* Bolts.framework */,
				A820A6EB1CCF0C34005246CB /* Parse.framework */,
				A8CEEE261CB33FC100C0C939 /* Avenir Next.ttc */,
				A85F40E51C8219DC0093F7C5 /* Main.storyboard */,
				A8AA09951CED4752006DA16A /* InstructionalVideoViewController.swift */,
				A886CEAB1CE6037C00C2B761 /* LagginAndScoresViewController.swift */,
				A82BF7B81CEB62F600A1C3D1 /* ConfirmScoreView.swift */,
				A82BF7B01CEAC1E500A1C3D1 /* TestViewController.swift */,
				A8873D9B1CE63D3C006FD8DD /* Utility.swift */,
				A8CEEE231CB1653D00C0C939 /* CAGradientExtension.swift */,
				A8194A801CCA5C120089EC59 /* ColorExtensions.swift */,
				A8A194D91CB5CCF700859970 /* GradientView.swift */,
				A8CC55651CD853AC00A735A9 /* CalculateScore.swift */,
				A8DC3F5E1C86AB4B009B3774 /* InstructionManualViewController.swift */,
				A889D0911C41EBF2005DB665 /* Parse */,
				A899521A1C3C976E0023373D /* AppDelegate.swift */,
				A899524A1C3CADAB0023373D /* NewEvalSelectSessionViewController.swift */,
				A8D392871C3CCCC1000B4125 /* NewEvalViewController.swift */,
				A80D5B131C572A68004EE98C /* Session */,
				A86F69831C4DB04F00C402AB /* Subphase */,
				A89952211C3C976E0023373D /* Assets.xcassets */,
				A89952231C3C976E0023373D /* LaunchScreen.storyboard */,
				A89952261C3C976E0023373D /* Info.plist */,
				A889D0AC1C41ECEF005DB665 /* NRS-Bridging-Header.h */,
				A80D5B181C58645E004EE98C /* Models */,
			);
			path = NRS;
			sourceTree = "<group>";
		};
		A899522E1C3C976E0023373D /* NRSTests */ = {
			isa = PBXGroup;
			children = (
				A899522F1C3C976E0023373D /* NRSTests.swift */,
				A89952311C3C976E0023373D /* Info.plist */,
			);
			path = NRSTests;
			sourceTree = "<group>";
		};
		A89952391C3C976E0023373D /* NRSUITests */ = {
			isa = PBXGroup;
			children = (
				A899523A1C3C976E0023373D /* NRSUITests.swift */,
				A899523C1C3C976E0023373D /* Info.plist */,
			);
			path = NRSUITests;
			sourceTree = "<group>";
		};
/* End PBXGroup section */

/* Begin PBXNativeTarget section */
		A89952161C3C976E0023373D /* NRS */ = {
			isa = PBXNativeTarget;
			buildConfigurationList = A899523F1C3C976E0023373D /* Build configuration list for PBXNativeTarget "NRS" */;
			buildPhases = (
				A89952131C3C976E0023373D /* Sources */,
				A89952141C3C976E0023373D /* Frameworks */,
				A89952151C3C976E0023373D /* Resources */,
			);
			buildRules = (
			);
			dependencies = (
			);
			name = NRS;
			productName = NRS;
			productReference = A89952171C3C976E0023373D /* NRS.app */;
			productType = "com.apple.product-type.application";
		};
		A899522A1C3C976E0023373D /* NRSTests */ = {
			isa = PBXNativeTarget;
			buildConfigurationList = A89952421C3C976E0023373D /* Build configuration list for PBXNativeTarget "NRSTests" */;
			buildPhases = (
				A89952271C3C976E0023373D /* Sources */,
				A89952281C3C976E0023373D /* Frameworks */,
				A89952291C3C976E0023373D /* Resources */,
			);
			buildRules = (
			);
			dependencies = (
				A899522D1C3C976E0023373D /* PBXTargetDependency */,
			);
			name = NRSTests;
			productName = NRSTests;
			productReference = A899522B1C3C976E0023373D /* NRSTests.xctest */;
			productType = "com.apple.product-type.bundle.unit-test";
		};
		A89952351C3C976E0023373D /* NRSUITests */ = {
			isa = PBXNativeTarget;
			buildConfigurationList = A89952451C3C976E0023373D /* Build configuration list for PBXNativeTarget "NRSUITests" */;
			buildPhases = (
				A89952321C3C976E0023373D /* Sources */,
				A89952331C3C976E0023373D /* Frameworks */,
				A89952341C3C976E0023373D /* Resources */,
			);
			buildRules = (
			);
			dependencies = (
				A89952381C3C976E0023373D /* PBXTargetDependency */,
			);
			name = NRSUITests;
			productName = NRSUITests;
			productReference = A89952361C3C976E0023373D /* NRSUITests.xctest */;
			productType = "com.apple.product-type.bundle.ui-testing";
		};
/* End PBXNativeTarget section */

/* Begin PBXProject section */
		A899520F1C3C976E0023373D /* Project object */ = {
			isa = PBXProject;
			attributes = {
				LastSwiftUpdateCheck = 0710;
				LastUpgradeCheck = 0710;
				ORGANIZATIONNAME = tolfosoftware;
				TargetAttributes = {
					A89952161C3C976E0023373D = {
						CreatedOnToolsVersion = 7.1.1;
						DevelopmentTeam = 2YBH5YEHJQ;
					};
					A899522A1C3C976E0023373D = {
						CreatedOnToolsVersion = 7.1.1;
						DevelopmentTeam = 2YBH5YEHJQ;
						TestTargetID = A89952161C3C976E0023373D;
					};
					A89952351C3C976E0023373D = {
						CreatedOnToolsVersion = 7.1.1;
						DevelopmentTeam = 2YBH5YEHJQ;
						TestTargetID = A89952161C3C976E0023373D;
					};
				};
			};
			buildConfigurationList = A89952121C3C976E0023373D /* Build configuration list for PBXProject "NRS" */;
			compatibilityVersion = "Xcode 3.2";
			developmentRegion = English;
			hasScannedForEncodings = 0;
			knownRegions = (
				en,
				Base,
			);
			mainGroup = A899520E1C3C976E0023373D;
			productRefGroup = A89952181C3C976E0023373D /* Products */;
			projectDirPath = "";
			projectRoot = "";
			targets = (
				A89952161C3C976E0023373D /* NRS */,
				A899522A1C3C976E0023373D /* NRSTests */,
				A89952351C3C976E0023373D /* NRSUITests */,
			);
		};
/* End PBXProject section */

/* Begin PBXResourcesBuildPhase section */
		A89952151C3C976E0023373D /* Resources */ = {
			isa = PBXResourcesBuildPhase;
			buildActionMask = 2147483647;
			files = (
				A8CEEE271CB33FC100C0C939 /* Avenir Next.ttc in Resources */,
				A85F40E61C8219DC0093F7C5 /* Main.storyboard in Resources */,
				A89952251C3C976E0023373D /* LaunchScreen.storyboard in Resources */,
				A89952221C3C976E0023373D /* Assets.xcassets in Resources */,
			);
			runOnlyForDeploymentPostprocessing = 0;
		};
		A89952291C3C976E0023373D /* Resources */ = {
			isa = PBXResourcesBuildPhase;
			buildActionMask = 2147483647;
			files = (
			);
			runOnlyForDeploymentPostprocessing = 0;
		};
		A89952341C3C976E0023373D /* Resources */ = {
			isa = PBXResourcesBuildPhase;
			buildActionMask = 2147483647;
			files = (
			);
			runOnlyForDeploymentPostprocessing = 0;
		};
/* End PBXResourcesBuildPhase section */

/* Begin PBXSourcesBuildPhase section */
		A89952131C3C976E0023373D /* Sources */ = {
			isa = PBXSourcesBuildPhase;
			buildActionMask = 2147483647;
			files = (
				A86F69801C4DAA0000C402AB /* SubPhaseCollectionViewCell.swift in Sources */,
				A899524B1C3CADAB0023373D /* NewEvalSelectSessionViewController.swift in Sources */,
				A82BF7B91CEB62F600A1C3D1 /* ConfirmScoreView.swift in Sources */,
				A8CC55661CD853AC00A735A9 /* CalculateScore.swift in Sources */,
				A8D392881C3CCCC1000B4125 /* NewEvalViewController.swift in Sources */,
				A86F697C1C49400F00C402AB /* SessionInputViewController.swift in Sources */,
				A84C59381C7A5ED700D02C11 /* NewEvalSessionId.swift in Sources */,
				A86F69821C4DADD400C402AB /* Subphase.swift in Sources */,
				A85F40E81C828F420093F7C5 /* Database.swift in Sources */,
				A8CEEE241CB1653D00C0C939 /* CAGradientExtension.swift in Sources */,
				A886CEAC1CE6037C00C2B761 /* LagginAndScoresViewController.swift in Sources */,
				A8A5E62B1C3FF653002D7A10 /* Version.swift in Sources */,
				A899521B1C3C976E0023373D /* AppDelegate.swift in Sources */,
				A86F697E1C4AF25400C402AB /* SubphaseViewController.swift in Sources */,
				A8873D9A1CE62D5B006FD8DD /* PhaseStruct.swift in Sources */,
				A82BF7B11CEAC1E500A1C3D1 /* TestViewController.swift in Sources */,
				A8194A811CCA5C130089EC59 /* ColorExtensions.swift in Sources */,
				A8A194DA1CB5CCF700859970 /* GradientView.swift in Sources */,
				A80D5B1E1C618485004EE98C /* PhaseViewController.swift in Sources */,
				A82BF7B71CEAD83200A1C3D1 /* BlurView.swift in Sources */,
				A82B16151C725D980095CE2B /* VerbalInstruction.swift in Sources */,
				A80D5B171C585B6A004EE98C /* PhaseItem.swift in Sources */,
				A814B8D11C66868300E20A35 /* PhaseTableViewCell.swift in Sources */,
				A8873D9C1CE63D3C006FD8DD /* Utility.swift in Sources */,
				A80D5B1A1C5875F4004EE98C /* Score.swift in Sources */,
				A8DC3F5F1C86AB4B009B3774 /* InstructionManualViewController.swift in Sources */,
				A8DC3F5D1C86940B009B3774 /* ConfirmViewController.swift in Sources */,
				A89EF5F41C6997A30098CDBB /* SubPhaseDetailViewController.swift in Sources */,
				A8AA09961CED4752006DA16A /* InstructionalVideoViewController.swift in Sources */,
				A80D5B151C572B6B004EE98C /* Session.swift in Sources */,
			);
			runOnlyForDeploymentPostprocessing = 0;
		};
		A89952271C3C976E0023373D /* Sources */ = {
			isa = PBXSourcesBuildPhase;
			buildActionMask = 2147483647;
			files = (
				A89952301C3C976E0023373D /* NRSTests.swift in Sources */,
			);
			runOnlyForDeploymentPostprocessing = 0;
		};
		A89952321C3C976E0023373D /* Sources */ = {
			isa = PBXSourcesBuildPhase;
			buildActionMask = 2147483647;
			files = (
				A899523B1C3C976E0023373D /* NRSUITests.swift in Sources */,
			);
			runOnlyForDeploymentPostprocessing = 0;
		};
/* End PBXSourcesBuildPhase section */

/* Begin PBXTargetDependency section */
		A899522D1C3C976E0023373D /* PBXTargetDependency */ = {
			isa = PBXTargetDependency;
			target = A89952161C3C976E0023373D /* NRS */;
			targetProxy = A899522C1C3C976E0023373D /* PBXContainerItemProxy */;
		};
		A89952381C3C976E0023373D /* PBXTargetDependency */ = {
			isa = PBXTargetDependency;
			target = A89952161C3C976E0023373D /* NRS */;
			targetProxy = A89952371C3C976E0023373D /* PBXContainerItemProxy */;
		};
/* End PBXTargetDependency section */

/* Begin PBXVariantGroup section */
		A89952231C3C976E0023373D /* LaunchScreen.storyboard */ = {
			isa = PBXVariantGroup;
			children = (
				A89952241C3C976E0023373D /* Base */,
			);
			name = LaunchScreen.storyboard;
			sourceTree = "<group>";
		};
/* End PBXVariantGroup section */

/* Begin XCBuildConfiguration section */
		A899523D1C3C976E0023373D /* Debug */ = {
			isa = XCBuildConfiguration;
			buildSettings = {
				ALWAYS_SEARCH_USER_PATHS = NO;
				CLANG_CXX_LANGUAGE_STANDARD = "gnu++0x";
				CLANG_CXX_LIBRARY = "libc++";
				CLANG_ENABLE_MODULES = YES;
				CLANG_ENABLE_OBJC_ARC = YES;
				CLANG_WARN_BOOL_CONVERSION = YES;
				CLANG_WARN_CONSTANT_CONVERSION = YES;
				CLANG_WARN_DIRECT_OBJC_ISA_USAGE = YES_ERROR;
				CLANG_WARN_EMPTY_BODY = YES;
				CLANG_WARN_ENUM_CONVERSION = YES;
				CLANG_WARN_INT_CONVERSION = YES;
				CLANG_WARN_OBJC_ROOT_CLASS = YES_ERROR;
				CLANG_WARN_UNREACHABLE_CODE = YES;
				CLANG_WARN__DUPLICATE_METHOD_MATCH = YES;
				"CODE_SIGN_IDENTITY[sdk=iphoneos*]" = "iPhone Developer";
				COPY_PHASE_STRIP = NO;
				DEBUG_INFORMATION_FORMAT = dwarf;
				ENABLE_STRICT_OBJC_MSGSEND = YES;
				ENABLE_TESTABILITY = YES;
				GCC_C_LANGUAGE_STANDARD = gnu99;
				GCC_DYNAMIC_NO_PIC = NO;
				GCC_NO_COMMON_BLOCKS = YES;
				GCC_OPTIMIZATION_LEVEL = 0;
				GCC_PREPROCESSOR_DEFINITIONS = (
					"DEBUG=1",
					"$(inherited)",
				);
				GCC_WARN_64_TO_32_BIT_CONVERSION = YES;
				GCC_WARN_ABOUT_RETURN_TYPE = YES_ERROR;
				GCC_WARN_UNDECLARED_SELECTOR = YES;
				GCC_WARN_UNINITIALIZED_AUTOS = YES_AGGRESSIVE;
				GCC_WARN_UNUSED_FUNCTION = YES;
				GCC_WARN_UNUSED_VARIABLE = YES;
				IPHONEOS_DEPLOYMENT_TARGET = 9.1;
				MTL_ENABLE_DEBUG_INFO = YES;
				ONLY_ACTIVE_ARCH = YES;
				SDKROOT = iphoneos;
				SWIFT_OPTIMIZATION_LEVEL = "-Onone";
				TARGETED_DEVICE_FAMILY = "1,2";
			};
			name = Debug;
		};
		A899523E1C3C976E0023373D /* Release */ = {
			isa = XCBuildConfiguration;
			buildSettings = {
				ALWAYS_SEARCH_USER_PATHS = NO;
				CLANG_CXX_LANGUAGE_STANDARD = "gnu++0x";
				CLANG_CXX_LIBRARY = "libc++";
				CLANG_ENABLE_MODULES = YES;
				CLANG_ENABLE_OBJC_ARC = YES;
				CLANG_WARN_BOOL_CONVERSION = YES;
				CLANG_WARN_CONSTANT_CONVERSION = YES;
				CLANG_WARN_DIRECT_OBJC_ISA_USAGE = YES_ERROR;
				CLANG_WARN_EMPTY_BODY = YES;
				CLANG_WARN_ENUM_CONVERSION = YES;
				CLANG_WARN_INT_CONVERSION = YES;
				CLANG_WARN_OBJC_ROOT_CLASS = YES_ERROR;
				CLANG_WARN_UNREACHABLE_CODE = YES;
				CLANG_WARN__DUPLICATE_METHOD_MATCH = YES;
				"CODE_SIGN_IDENTITY[sdk=iphoneos*]" = "iPhone Developer";
				COPY_PHASE_STRIP = NO;
				DEBUG_INFORMATION_FORMAT = "dwarf-with-dsym";
				ENABLE_NS_ASSERTIONS = NO;
				ENABLE_STRICT_OBJC_MSGSEND = YES;
				GCC_C_LANGUAGE_STANDARD = gnu99;
				GCC_NO_COMMON_BLOCKS = YES;
				GCC_WARN_64_TO_32_BIT_CONVERSION = YES;
				GCC_WARN_ABOUT_RETURN_TYPE = YES_ERROR;
				GCC_WARN_UNDECLARED_SELECTOR = YES;
				GCC_WARN_UNINITIALIZED_AUTOS = YES_AGGRESSIVE;
				GCC_WARN_UNUSED_FUNCTION = YES;
				GCC_WARN_UNUSED_VARIABLE = YES;
				IPHONEOS_DEPLOYMENT_TARGET = 9.1;
				MTL_ENABLE_DEBUG_INFO = NO;
				SDKROOT = iphoneos;
				TARGETED_DEVICE_FAMILY = "1,2";
				VALIDATE_PRODUCT = YES;
			};
			name = Release;
		};
		A89952401C3C976E0023373D /* Debug */ = {
			isa = XCBuildConfiguration;
			buildSettings = {
				ASSETCATALOG_COMPILER_APPICON_NAME = AppIcon;
				CLANG_ENABLE_MODULES = YES;
				CODE_SIGN_IDENTITY = "iPhone Developer";
				"CODE_SIGN_IDENTITY[sdk=iphoneos*]" = "iPhone Developer";
				FRAMEWORK_SEARCH_PATHS = (
					"$(inherited)",
					"$(PROJECT_DIR)/NRS",
					"$(PROJECT_DIR)",
				);
				INFOPLIST_FILE = NRS/Info.plist;
				LD_RUNPATH_SEARCH_PATHS = "$(inherited) @executable_path/Frameworks";
				OTHER_SWIFT_FLAGS = "-Xfrontend -debug-time-function-bodies";
				PRODUCT_BUNDLE_IDENTIFIER = com.Tolfo.NRS;
				PRODUCT_NAME = "$(TARGET_NAME)";
				PROVISIONING_PROFILE = "";
				SWIFT_OBJC_BRIDGING_HEADER = "NRS/NRS-Bridging-Header.h";
				SWIFT_OPTIMIZATION_LEVEL = "-Onone";
				TARGETED_DEVICE_FAMILY = 1;
			};
			name = Debug;
		};
		A89952411C3C976E0023373D /* Release */ = {
			isa = XCBuildConfiguration;
			buildSettings = {
				ASSETCATALOG_COMPILER_APPICON_NAME = AppIcon;
				CLANG_ENABLE_MODULES = YES;
				CODE_SIGN_IDENTITY = "iPhone Developer";
				"CODE_SIGN_IDENTITY[sdk=iphoneos*]" = "iPhone Developer";
				FRAMEWORK_SEARCH_PATHS = (
					"$(inherited)",
					"$(PROJECT_DIR)/NRS",
					"$(PROJECT_DIR)",
				);
				INFOPLIST_FILE = NRS/Info.plist;
				LD_RUNPATH_SEARCH_PATHS = "$(inherited) @executable_path/Frameworks";
				OTHER_SWIFT_FLAGS = "-Xfrontend -debug-time-function-bodies";
				PRODUCT_BUNDLE_IDENTIFIER = com.Tolfo.NRS;
				PRODUCT_NAME = "$(TARGET_NAME)";
				PROVISIONING_PROFILE = "";
				SWIFT_OBJC_BRIDGING_HEADER = "NRS/NRS-Bridging-Header.h";
				TARGETED_DEVICE_FAMILY = 1;
			};
			name = Release;
		};
		A89952431C3C976E0023373D /* Debug */ = {
			isa = XCBuildConfiguration;
			buildSettings = {
				BUNDLE_LOADER = "$(TEST_HOST)";
				INFOPLIST_FILE = NRSTests/Info.plist;
				LD_RUNPATH_SEARCH_PATHS = "$(inherited) @executable_path/Frameworks @loader_path/Frameworks";
				PRODUCT_BUNDLE_IDENTIFIER = com.Tolfo.NRSTests;
				PRODUCT_NAME = "$(TARGET_NAME)";
				TEST_HOST = "$(BUILT_PRODUCTS_DIR)/NRS.app/NRS";
			};
			name = Debug;
		};
		A89952441C3C976E0023373D /* Release */ = {
			isa = XCBuildConfiguration;
			buildSettings = {
				BUNDLE_LOADER = "$(TEST_HOST)";
				INFOPLIST_FILE = NRSTests/Info.plist;
				LD_RUNPATH_SEARCH_PATHS = "$(inherited) @executable_path/Frameworks @loader_path/Frameworks";
				PRODUCT_BUNDLE_IDENTIFIER = com.Tolfo.NRSTests;
				PRODUCT_NAME = "$(TARGET_NAME)";
				TEST_HOST = "$(BUILT_PRODUCTS_DIR)/NRS.app/NRS";
			};
			name = Release;
		};
		A89952461C3C976E0023373D /* Debug */ = {
			isa = XCBuildConfiguration;
			buildSettings = {
				"CODE_SIGN_ENTITLEMENTS[sdk=*]" = "";
				INFOPLIST_FILE = NRSUITests/Info.plist;
				LD_RUNPATH_SEARCH_PATHS = "$(inherited) @executable_path/Frameworks @loader_path/Frameworks";
				PRODUCT_BUNDLE_IDENTIFIER = com.Tolfo.NRSUITests;
				PRODUCT_NAME = "$(TARGET_NAME)";
				TEST_TARGET_NAME = NRS;
				USES_XCTRUNNER = YES;
			};
			name = Debug;
		};
		A89952471C3C976E0023373D /* Release */ = {
			isa = XCBuildConfiguration;
			buildSettings = {
				"CODE_SIGN_ENTITLEMENTS[sdk=*]" = "";
				INFOPLIST_FILE = NRSUITests/Info.plist;
				LD_RUNPATH_SEARCH_PATHS = "$(inherited) @executable_path/Frameworks @loader_path/Frameworks";
				PRODUCT_BUNDLE_IDENTIFIER = com.Tolfo.NRSUITests;
				PRODUCT_NAME = "$(TARGET_NAME)";
				TEST_TARGET_NAME = NRS;
				USES_XCTRUNNER = YES;
			};
			name = Release;
		};
/* End XCBuildConfiguration section */

/* Begin XCConfigurationList section */
		A89952121C3C976E0023373D /* Build configuration list for PBXProject "NRS" */ = {
			isa = XCConfigurationList;
			buildConfigurations = (
				A899523D1C3C976E0023373D /* Debug */,
				A899523E1C3C976E0023373D /* Release */,
			);
			defaultConfigurationIsVisible = 0;
			defaultConfigurationName = Release;
		};
		A899523F1C3C976E0023373D /* Build configuration list for PBXNativeTarget "NRS" */ = {
			isa = XCConfigurationList;
			buildConfigurations = (
				A89952401C3C976E0023373D /* Debug */,
				A89952411C3C976E0023373D /* Release */,
			);
			defaultConfigurationIsVisible = 0;
			defaultConfigurationName = Release;
		};
		A89952421C3C976E0023373D /* Build configuration list for PBXNativeTarget "NRSTests" */ = {
			isa = XCConfigurationList;
			buildConfigurations = (
				A89952431C3C976E0023373D /* Debug */,
				A89952441C3C976E0023373D /* Release */,
			);
			defaultConfigurationIsVisible = 0;
			defaultConfigurationName = Release;
		};
		A89952451C3C976E0023373D /* Build configuration list for PBXNativeTarget "NRSUITests" */ = {
			isa = XCConfigurationList;
			buildConfigurations = (
				A89952461C3C976E0023373D /* Debug */,
				A89952471C3C976E0023373D /* Release */,
			);
			defaultConfigurationIsVisible = 0;
			defaultConfigurationName = Release;
		};
/* End XCConfigurationList section */
	};
	rootObject = A899520F1C3C976E0023373D /* Project object */;
}
